
Microsoft Visual Studio Solution File, Format Version 12.00
Project("{2150E333-8FDC-42A3-9474-1A3956D46DE8}") = "Solution", "Solution", "{5D97EA72-0542-48F6-BA0F-5DADFE3B39C6}"
	ProjectSection(SolutionItems) = preProject
		..\LICENSE = ..\LICENSE
		..\README.md = ..\README.md
		..\.gitignore = ..\.gitignore
	EndProjectSection
EndProject
Project("{FAE04EC0-301F-11D3-BF4B-00C04F79EFBC}") = "FluentDataBuilder", "FluentDataBuilder\FluentDataBuilder.csproj", "{768AF544-0853-40D9-934B-0C1FBD644833}"
EndProject
Project("{FAE04EC0-301F-11D3-BF4B-00C04F79EFBC}") = "FluentDataBuilder.Json", "FluentDataBuilder.Json\FluentDataBuilder.Json.csproj", "{87F18560-5ECC-4698-B5AE-B7FF5CD7696D}"
EndProject
Project("{FAE04EC0-301F-11D3-BF4B-00C04F79EFBC}") = "FluentDataBuilder.Xml", "FluentDataBuilder.Xml\FluentDataBuilder.Xml.csproj", "{6DEFD9AE-287D-4EB3-9108-33FC6313EC18}"
EndProject
Project("{FAE04EC0-301F-11D3-BF4B-00C04F79EFBC}") = "FluentDataBuilder.Tests", "FluentDataBuilder.Tests\FluentDataBuilder.Tests.csproj", "{2556E232-85A0-4816-B7B0-5A6A9FD10E05}"
EndProject
Project("{FAE04EC0-301F-11D3-BF4B-00C04F79EFBC}") = "FluentDataBuilder.NewtonsoftJson", "FluentDataBuilder.NewtonsoftJson\FluentDataBuilder.NewtonsoftJson.csproj", "{8C0EFC01-39F0-4186-9489-CF9DCEF4F83B}"
EndProject
Project("{FAE04EC0-301F-11D3-BF4B-00C04F79EFBC}") = "FluentDataBuilder.ExtensionTests", "FluentDataBuilder.ExtensionTests\FluentDataBuilder.ExtensionTests.csproj", "{B8E46906-1AAF-4973-865B-52CAFAA309C7}"
EndProject
Project("{FAE04EC0-301F-11D3-BF4B-00C04F79EFBC}") = "FluentDataBuilder.Microsoft.Extensions.Configuration", "FluentDataBuilder.Microsoft.Extensions.Configuration\FluentDataBuilder.Microsoft.Extensions.Configuration.csproj", "{EC426EC0-1040-404F-9A45-F4E7D84F3493}"
EndProject
Project("{FAE04EC0-301F-11D3-BF4B-00C04F79EFBC}") = "FluentDataBuilder.Microsoft.Extensions.Configuration.Tests", "FluentDataBuilder.Microsoft.Extensions.Configuration.Tests\FluentDataBuilder.Microsoft.Extensions.Configuration.Tests.csproj", "{BDF33170-A528-4010-8F2B-68C1E85512EF}"
EndProject
Project("{2150E333-8FDC-42A3-9474-1A3956D46DE8}") = "workflows", "workflows", "{A4762FA5-C1D2-48EF-AE75-83A5A0015971}"
	ProjectSection(SolutionItems) = preProject
		..\.github\workflows\dotnet.yml = ..\.github\workflows\dotnet.yml
		..\.github\workflows\pull-request.yml = ..\.github\workflows\pull-request.yml
	EndProjectSection
EndProject
Project("{2150E333-8FDC-42A3-9474-1A3956D46DE8}") = "Core", "Core", "{5F694FB8-C088-4651-A79A-6F91627E05FA}"
EndProject
Project("{2150E333-8FDC-42A3-9474-1A3956D46DE8}") = "Extensions", "Extensions", "{FA7CE1F9-4098-4C07-9113-ACAC7FEA4084}"
EndProject
Project("{2150E333-8FDC-42A3-9474-1A3956D46DE8}") = "Microsoft.Extensions.Configuration", "Microsoft.Extensions.Configuration", "{F4DED604-736D-4804-88B1-FD9C687C1F34}"
EndProject
Project("{FAE04EC0-301F-11D3-BF4B-00C04F79EFBC}") = "FluentDataBuilder.Yaml", "FluentDataBuilder.Yaml\FluentDataBuilder.Yaml.csproj", "{3E07CEBE-D4A7-4ED0-A98D-AB61C7BC150C}"
EndProject
Global
	GlobalSection(SolutionConfigurationPlatforms) = preSolution
		Debug|Any CPU = Debug|Any CPU
		Release|Any CPU = Release|Any CPU
	EndGlobalSection
	GlobalSection(ProjectConfigurationPlatforms) = postSolution
		{768AF544-0853-40D9-934B-0C1FBD644833}.Debug|Any CPU.ActiveCfg = Debug|Any CPU
		{768AF544-0853-40D9-934B-0C1FBD644833}.Debug|Any CPU.Build.0 = Debug|Any CPU
		{768AF544-0853-40D9-934B-0C1FBD644833}.Release|Any CPU.ActiveCfg = Release|Any CPU
		{768AF544-0853-40D9-934B-0C1FBD644833}.Release|Any CPU.Build.0 = Release|Any CPU
		{87F18560-5ECC-4698-B5AE-B7FF5CD7696D}.Debug|Any CPU.ActiveCfg = Debug|Any CPU
		{87F18560-5ECC-4698-B5AE-B7FF5CD7696D}.Debug|Any CPU.Build.0 = Debug|Any CPU
		{87F18560-5ECC-4698-B5AE-B7FF5CD7696D}.Release|Any CPU.ActiveCfg = Release|Any CPU
		{87F18560-5ECC-4698-B5AE-B7FF5CD7696D}.Release|Any CPU.Build.0 = Release|Any CPU
		{6DEFD9AE-287D-4EB3-9108-33FC6313EC18}.Debug|Any CPU.ActiveCfg = Debug|Any CPU
		{6DEFD9AE-287D-4EB3-9108-33FC6313EC18}.Debug|Any CPU.Build.0 = Debug|Any CPU
		{6DEFD9AE-287D-4EB3-9108-33FC6313EC18}.Release|Any CPU.ActiveCfg = Release|Any CPU
		{6DEFD9AE-287D-4EB3-9108-33FC6313EC18}.Release|Any CPU.Build.0 = Release|Any CPU
		{2556E232-85A0-4816-B7B0-5A6A9FD10E05}.Debug|Any CPU.ActiveCfg = Debug|Any CPU
		{2556E232-85A0-4816-B7B0-5A6A9FD10E05}.Debug|Any CPU.Build.0 = Debug|Any CPU
		{2556E232-85A0-4816-B7B0-5A6A9FD10E05}.Release|Any CPU.ActiveCfg = Release|Any CPU
		{2556E232-85A0-4816-B7B0-5A6A9FD10E05}.Release|Any CPU.Build.0 = Release|Any CPU
		{8C0EFC01-39F0-4186-9489-CF9DCEF4F83B}.Debug|Any CPU.ActiveCfg = Debug|Any CPU
		{8C0EFC01-39F0-4186-9489-CF9DCEF4F83B}.Debug|Any CPU.Build.0 = Debug|Any CPU
		{8C0EFC01-39F0-4186-9489-CF9DCEF4F83B}.Release|Any CPU.ActiveCfg = Release|Any CPU
		{8C0EFC01-39F0-4186-9489-CF9DCEF4F83B}.Release|Any CPU.Build.0 = Release|Any CPU
		{B8E46906-1AAF-4973-865B-52CAFAA309C7}.Debug|Any CPU.ActiveCfg = Debug|Any CPU
		{B8E46906-1AAF-4973-865B-52CAFAA309C7}.Debug|Any CPU.Build.0 = Debug|Any CPU
		{B8E46906-1AAF-4973-865B-52CAFAA309C7}.Release|Any CPU.ActiveCfg = Release|Any CPU
		{B8E46906-1AAF-4973-865B-52CAFAA309C7}.Release|Any CPU.Build.0 = Release|Any CPU
		{EC426EC0-1040-404F-9A45-F4E7D84F3493}.Debug|Any CPU.ActiveCfg = Debug|Any CPU
		{EC426EC0-1040-404F-9A45-F4E7D84F3493}.Debug|Any CPU.Build.0 = Debug|Any CPU
		{EC426EC0-1040-404F-9A45-F4E7D84F3493}.Release|Any CPU.ActiveCfg = Release|Any CPU
		{EC426EC0-1040-404F-9A45-F4E7D84F3493}.Release|Any CPU.Build.0 = Release|Any CPU
		{BDF33170-A528-4010-8F2B-68C1E85512EF}.Debug|Any CPU.ActiveCfg = Debug|Any CPU
		{BDF33170-A528-4010-8F2B-68C1E85512EF}.Debug|Any CPU.Build.0 = Debug|Any CPU
		{BDF33170-A528-4010-8F2B-68C1E85512EF}.Release|Any CPU.ActiveCfg = Release|Any CPU
		{BDF33170-A528-4010-8F2B-68C1E85512EF}.Release|Any CPU.Build.0 = Release|Any CPU
		{3E07CEBE-D4A7-4ED0-A98D-AB61C7BC150C}.Debug|Any CPU.ActiveCfg = Debug|Any CPU
		{3E07CEBE-D4A7-4ED0-A98D-AB61C7BC150C}.Debug|Any CPU.Build.0 = Debug|Any CPU
		{3E07CEBE-D4A7-4ED0-A98D-AB61C7BC150C}.Release|Any CPU.ActiveCfg = Release|Any CPU
		{3E07CEBE-D4A7-4ED0-A98D-AB61C7BC150C}.Release|Any CPU.Build.0 = Release|Any CPU
	EndGlobalSection
	GlobalSection(NestedProjects) = preSolution
		{A4762FA5-C1D2-48EF-AE75-83A5A0015971} = {5D97EA72-0542-48F6-BA0F-5DADFE3B39C6}
		{768AF544-0853-40D9-934B-0C1FBD644833} = {5F694FB8-C088-4651-A79A-6F91627E05FA}
		{2556E232-85A0-4816-B7B0-5A6A9FD10E05} = {5F694FB8-C088-4651-A79A-6F91627E05FA}
		{87F18560-5ECC-4698-B5AE-B7FF5CD7696D} = {FA7CE1F9-4098-4C07-9113-ACAC7FEA4084}
		{8C0EFC01-39F0-4186-9489-CF9DCEF4F83B} = {FA7CE1F9-4098-4C07-9113-ACAC7FEA4084}
		{6DEFD9AE-287D-4EB3-9108-33FC6313EC18} = {FA7CE1F9-4098-4C07-9113-ACAC7FEA4084}
		{B8E46906-1AAF-4973-865B-52CAFAA309C7} = {FA7CE1F9-4098-4C07-9113-ACAC7FEA4084}
		{EC426EC0-1040-404F-9A45-F4E7D84F3493} = {F4DED604-736D-4804-88B1-FD9C687C1F34}
		{BDF33170-A528-4010-8F2B-68C1E85512EF} = {F4DED604-736D-4804-88B1-FD9C687C1F34}
		{3E07CEBE-D4A7-4ED0-A98D-AB61C7BC150C} = {FA7CE1F9-4098-4C07-9113-ACAC7FEA4084}
	EndGlobalSection
EndGlobal
